{
  "version": "5",
  "specifiers": {
    "npm:@maverick-js/signals@^5.11.5": "5.11.5"
  },
  "npm": {
    "@maverick-js/signals@5.11.5": {
      "integrity": "sha512-/GO94awrwN9ROYZDMTeByordjvbhcm3CMvB/2aL/sEUy9Va8nM/2GmNgOOe+rrooTGnz8/DzO73xomuBRrnYWw=="
    }
  },
  "workspace": {
    "dependencies": [
      "jsr:@std/assert@1",
      "npm:@maverick-js/signals@^5.11.5"
    ]
  }
}
